// !$*UTF8*$!
{
	archiveVersion = 1;
	classes = {
	};
	objectVersion = 55;
	objects = {

/* Begin PBXBuildFile section */
		DC741FBC281777CF009678E7 /* AppDelegate.swift in Sources */ = {isa = PBXBuildFile; fileRef = DC741FBB281777CF009678E7 /* AppDelegate.swift */; };
		DC741FBE281777CF009678E7 /* SceneDelegate.swift in Sources */ = {isa = PBXBuildFile; fileRef = DC741FBD281777CF009678E7 /* SceneDelegate.swift */; };
		DC741FC0281777CF009678E7 /* ViewController.swift in Sources */ = {isa = PBXBuildFile; fileRef = DC741FBF281777CF009678E7 /* ViewController.swift */; };
		DC741FC3281777CF009678E7 /* Main.storyboard in Resources */ = {isa = PBXBuildFile; fileRef = DC741FC1281777CF009678E7 /* Main.storyboard */; };
		DC741FC5281777D3009678E7 /* Assets.xcassets in Resources */ = {isa = PBXBuildFile; fileRef = DC741FC4281777D3009678E7 /* Assets.xcassets */; };
		DC741FC8281777D3009678E7 /* LaunchScreen.storyboard in Resources */ = {isa = PBXBuildFile; fileRef = DC741FC6281777D3009678E7 /* LaunchScreen.storyboard */; };
		DC741FD3281777D3009678E7 /* ProjectThreeTests.swift in Sources */ = {isa = PBXBuildFile; fileRef = DC741FD2281777D3009678E7 /* ProjectThreeTests.swift */; };
		DC741FDD281777D3009678E7 /* ProjectThreeUITests.swift in Sources */ = {isa = PBXBuildFile; fileRef = DC741FDC281777D3009678E7 /* ProjectThreeUITests.swift */; };
		DC741FDF281777D3009678E7 /* ProjectThreeUITestsLaunchTests.swift in Sources */ = {isa = PBXBuildFile; fileRef = DC741FDE281777D3009678E7 /* ProjectThreeUITestsLaunchTests.swift */; };
		DC741FEE2817ACDE009678E7 /* secondViewController.swift in Sources */ = {isa = PBXBuildFile; fileRef = DC741FED2817ACDE009678E7 /* secondViewController.swift */; };
		DCD71E3C2817C27300B776E8 /* Restaurant.swift in Sources */ = {isa = PBXBuildFile; fileRef = DCD71E3B2817C27300B776E8 /* Restaurant.swift */; };
/* End PBXBuildFile section */

/* Begin PBXContainerItemProxy section */
		DC741FCF281777D3009678E7 /* PBXContainerItemProxy */ = {
			isa = PBXContainerItemProxy;
			containerPortal = DC741FB0281777CF009678E7 /* Project object */;
			proxyType = 1;
			remoteGlobalIDString = DC741FB7281777CF009678E7;
			remoteInfo = ProjectThree;
		};
		DC741FD9281777D3009678E7 /* PBXContainerItemProxy */ = {
			isa = PBXContainerItemProxy;
			containerPortal = DC741FB0281777CF009678E7 /* Project object */;
			proxyType = 1;
			remoteGlobalIDString = DC741FB7281777CF009678E7;
			remoteInfo = ProjectThree;
		};
/* End PBXContainerItemProxy section */

/* Begin PBXFileReference section */
		DC741FB8281777CF009678E7 /* ProjectThree.app */ = {isa = PBXFileReference; explicitFileType = wrapper.application; includeInIndex = 0; path = ProjectThree.app; sourceTree = BUILT_PRODUCTS_DIR; };
		DC741FBB281777CF009678E7 /* AppDelegate.swift */ = {isa = PBXFileReference; lastKnownFileType = sourcecode.swift; path = AppDelegate.swift; sourceTree = "<group>"; };
		DC741FBD281777CF009678E7 /* SceneDelegate.swift */ = {isa = PBXFileReference; lastKnownFileType = sourcecode.swift; path = SceneDelegate.swift; sourceTree = "<group>"; };
		DC741FBF281777CF009678E7 /* ViewController.swift */ = {isa = PBXFileReference; lastKnownFileType = sourcecode.swift; path = ViewController.swift; sourceTree = "<group>"; };
		DC741FC2281777CF009678E7 /* Base */ = {isa = PBXFileReference; lastKnownFileType = file.storyboard; name = Base; path = Base.lproj/Main.storyboard; sourceTree = "<group>"; };
		DC741FC4281777D3009678E7 /* Assets.xcassets */ = {isa = PBXFileReference; lastKnownFileType = folder.assetcatalog; path = Assets.xcassets; sourceTree = "<group>"; };
		DC741FC7281777D3009678E7 /* Base */ = {isa = PBXFileReference; lastKnownFileType = file.storyboard; name = Base; path = Base.lproj/LaunchScreen.storyboard; sourceTree = "<group>"; };
		DC741FC9281777D3009678E7 /* Info.plist */ = {isa = PBXFileReference; lastKnownFileType = text.plist.xml; path = Info.plist; sourceTree = "<group>"; };
		DC741FCE281777D3009678E7 /* ProjectThreeTests.xctest */ = {isa = PBXFileReference; explicitFileType = wrapper.cfbundle; includeInIndex = 0; path = ProjectThreeTests.xctest; sourceTree = BUILT_PRODUCTS_DIR; };
		DC741FD2281777D3009678E7 /* ProjectThreeTests.swift */ = {isa = PBXFileReference; lastKnownFileType = sourcecode.swift; path = ProjectThreeTests.swift; sourceTree = "<group>"; };
		DC741FD8281777D3009678E7 /* ProjectThreeUITests.xctest */ = {isa = PBXFileReference; explicitFileType = wrapper.cfbundle; includeInIndex = 0; path = ProjectThreeUITests.xctest; sourceTree = BUILT_PRODUCTS_DIR; };
		DC741FDC281777D3009678E7 /* ProjectThreeUITests.swift */ = {isa = PBXFileReference; lastKnownFileType = sourcecode.swift; path = ProjectThreeUITests.swift; sourceTree = "<group>"; };
		DC741FDE281777D3009678E7 /* ProjectThreeUITestsLaunchTests.swift */ = {isa = PBXFileReference; lastKnownFileType = sourcecode.swift; path = ProjectThreeUITestsLaunchTests.swift; sourceTree = "<group>"; };
		DC741FED2817ACDE009678E7 /* secondViewController.swift */ = {isa = PBXFileReference; lastKnownFileType = sourcecode.swift; path = secondViewController.swift; sourceTree = "<group>"; };
		DCD71E3B2817C27300B776E8 /* Restaurant.swift */ = {isa = PBXFileReference; lastKnownFileType = sourcecode.swift; path = Restaurant.swift; sourceTree = "<group>"; };
/* End PBXFileReference section */

/* Begin PBXFrameworksBuildPhase section */
		DC741FB5281777CF009678E7 /* Frameworks */ = {
			isa = PBXFrameworksBuildPhase;
			buildActionMask = 2147483647;
			files = (
			);
			runOnlyForDeploymentPostprocessing = 0;
		};
		DC741FCB281777D3009678E7 /* Frameworks */ = {
			isa = PBXFrameworksBuildPhase;
			buildActionMask = 2147483647;
			files = (
			);
			runOnlyForDeploymentPostprocessing = 0;
		};
		DC741FD5281777D3009678E7 /* Frameworks */ = {
			isa = PBXFrameworksBuildPhase;
			buildActionMask = 2147483647;
			files = (
			);
			runOnlyForDeploymentPostprocessing = 0;
		};
/* End PBXFrameworksBuildPhase section */

/* Begin PBXGroup section */
		DC741FAF281777CF009678E7 = {
			isa = PBXGroup;
			children = (
				DC741FBA281777CF009678E7 /* ProjectThree */,
				DC741FD1281777D3009678E7 /* ProjectThreeTests */,
				DC741FDB281777D3009678E7 /* ProjectThreeUITests */,
				DC741FB9281777CF009678E7 /* Products */,
			);
			sourceTree = "<group>";
		};
		DC741FB9281777CF009678E7 /* Products */ = {
			isa = PBXGroup;
			children = (
				DC741FB8281777CF009678E7 /* ProjectThree.app */,
				DC741FCE281777D3009678E7 /* ProjectThreeTests.xctest */,
				DC741FD8281777D3009678E7 /* ProjectThreeUITests.xctest */,
			);
			name = Products;
			sourceTree = "<group>";
		};
		DC741FBA281777CF009678E7 /* ProjectThree */ = {
			isa = PBXGroup;
			children = (
				DC741FBB281777CF009678E7 /* AppDelegate.swift */,
				DC741FBD281777CF009678E7 /* SceneDelegate.swift */,
				DC741FBF281777CF009678E7 /* ViewController.swift */,
				DC741FC1281777CF009678E7 /* Main.storyboard */,
				DCD71E3B2817C27300B776E8 /* Restaurant.swift */,
				DC741FED2817ACDE009678E7 /* secondViewController.swift */,
				DC741FC4281777D3009678E7 /* Assets.xcassets */,
				DC741FC6281777D3009678E7 /* LaunchScreen.storyboard */,
				DC741FC9281777D3009678E7 /* Info.plist */,
			);
			path = ProjectThree;
			sourceTree = "<group>";
		};
		DC741FD1281777D3009678E7 /* ProjectThreeTests */ = {
			isa = PBXGroup;
			children = (
				DC741FD2281777D3009678E7 /* ProjectThreeTests.swift */,
			);
			path = ProjectThreeTests;
			sourceTree = "<group>";
		};
		DC741FDB281777D3009678E7 /* ProjectThreeUITests */ = {
			isa = PBXGroup;
			children = (
				DC741FDC281777D3009678E7 /* ProjectThreeUITests.swift */,
				DC741FDE281777D3009678E7 /* ProjectThreeUITestsLaunchTests.swift */,
			);
			path = ProjectThreeUITests;
			sourceTree = "<group>";
		};
/* End PBXGroup section */

/* Begin PBXNativeTarget section */
		DC741FB7281777CF009678E7 /* ProjectThree */ = {
			isa = PBXNativeTarget;
			buildConfigurationList = DC741FE2281777D3009678E7 /* Build configuration list for PBXNativeTarget "ProjectThree" */;
			buildPhases = (
				DC741FB4281777CF009678E7 /* Sources */,
				DC741FB5281777CF009678E7 /* Frameworks */,
				DC741FB6281777CF009678E7 /* Resources */,
			);
			buildRules = (
			);
			dependencies = (
			);
			name = ProjectThree;
			productName = ProjectThree;
			productReference = DC741FB8281777CF009678E7 /* ProjectThree.app */;
			productType = "com.apple.product-type.application";
		};
		DC741FCD281777D3009678E7 /* ProjectThreeTests */ = {
			isa = PBXNativeTarget;
			buildConfigurationList = DC741FE5281777D3009678E7 /* Build configuration list for PBXNativeTarget "ProjectThreeTests" */;
			buildPhases = (
				DC741FCA281777D3009678E7 /* Sources */,
				DC741FCB281777D3009678E7 /* Frameworks */,
				DC741FCC281777D3009678E7 /* Resources */,
			);
			buildRules = (
			);
			dependencies = (
				DC741FD0281777D3009678E7 /* PBXTargetDependency */,
			);
			name = ProjectThreeTests;
			productName = ProjectThreeTests;
			productReference = DC741FCE281777D3009678E7 /* ProjectThreeTests.xctest */;
			productType = "com.apple.product-type.bundle.unit-test";
		};
		DC741FD7281777D3009678E7 /* ProjectThreeUITests */ = {
			isa = PBXNativeTarget;
			buildConfigurationList = DC741FE8281777D3009678E7 /* Build configuration list for PBXNativeTarget "ProjectThreeUITests" */;
			buildPhases = (
				DC741FD4281777D3009678E7 /* Sources */,
				DC741FD5281777D3009678E7 /* Frameworks */,
				DC741FD6281777D3009678E7 /* Resources */,
			);
			buildRules = (
			);
			dependencies = (
				DC741FDA281777D3009678E7 /* PBXTargetDependency */,
			);
			name = ProjectThreeUITests;
			productName = ProjectThreeUITests;
			productReference = DC741FD8281777D3009678E7 /* ProjectThreeUITests.xctest */;
			productType = "com.apple.product-type.bundle.ui-testing";
		};
/* End PBXNativeTarget section */

/* Begin PBXProject section */
		DC741FB0281777CF009678E7 /* Project object */ = {
			isa = PBXProject;
			attributes = {
				BuildIndependentTargetsInParallel = 1;
				LastSwiftUpdateCheck = 1330;
				LastUpgradeCheck = 1330;
				TargetAttributes = {
					DC741FB7281777CF009678E7 = {
						CreatedOnToolsVersion = 13.3.1;
					};
					DC741FCD281777D3009678E7 = {
						CreatedOnToolsVersion = 13.3.1;
						TestTargetID = DC741FB7281777CF009678E7;
					};
					DC741FD7281777D3009678E7 = {
						CreatedOnToolsVersion = 13.3.1;
						TestTargetID = DC741FB7281777CF009678E7;
					};
				};
			};
			buildConfigurationList = DC741FB3281777CF009678E7 /* Build configuration list for PBXProject "ProjectThree" */;
			compatibilityVersion = "Xcode 13.0";
			developmentRegion = en;
			hasScannedForEncodings = 0;
			knownRegions = (
				en,
				Base,
			);
			mainGroup = DC741FAF281777CF009678E7;
			productRefGroup = DC741FB9281777CF009678E7 /* Products */;
			projectDirPath = "";
			projectRoot = "";
			targets = (
				DC741FB7281777CF009678E7 /* ProjectThree */,
				DC741FCD281777D3009678E7 /* ProjectThreeTests */,
				DC741FD7281777D3009678E7 /* ProjectThreeUITests */,
			);
		};
/* End PBXProject section */

/* Begin PBXResourcesBuildPhase section */
		DC741FB6281777CF009678E7 /* Resources */ = {
			isa = PBXResourcesBuildPhase;
			buildActionMask = 2147483647;
			files = (
				DC741FC8281777D3009678E7 /* LaunchScreen.storyboard in Resources */,
				DC741FC5281777D3009678E7 /* Assets.xcassets in Resources */,
				DC741FC3281777CF009678E7 /* Main.storyboard in Resources */,
			);
			runOnlyForDeploymentPostprocessing = 0;
		};
		DC741FCC281777D3009678E7 /* Resources */ = {
			isa = PBXResourcesBuildPhase;
			buildActionMask = 2147483647;
			files = (
			);
			runOnlyForDeploymentPostprocessing = 0;
		};
		DC741FD6281777D3009678E7 /* Resources */ = {
			isa = PBXResourcesBuildPhase;
			buildActionMask = 2147483647;
			files = (
			);
			runOnlyForDeploymentPostprocessing = 0;
		};
/* End PBXResourcesBuildPhase section */

/* Begin PBXSourcesBuildPhase section */
		DC741FB4281777CF009678E7 /* Sources */ = {
			isa = PBXSourcesBuildPhase;
			buildActionMask = 2147483647;
			files = (
				DCD71E3C2817C27300B776E8 /* Restaurant.swift in Sources */,
				DC741FEE2817ACDE009678E7 /* secondViewController.swift in Sources */,
				DC741FC0281777CF009678E7 /* ViewController.swift in Sources */,
				DC741FBC281777CF009678E7 /* AppDelegate.swift in Sources */,
				DC741FBE281777CF009678E7 /* SceneDelegate.swift in Sources */,
			);
			runOnlyForDeploymentPostprocessing = 0;
		};
		DC741FCA281777D3009678E7 /* Sources */ = {
			isa = PBXSourcesBuildPhase;
			buildActionMask = 2147483647;
			files = (
				DC741FD3281777D3009678E7 /* ProjectThreeTests.swift in Sources */,
			);
			runOnlyForDeploymentPostprocessing = 0;
		};
		DC741FD4281777D3009678E7 /* Sources */ = {
			isa = PBXSourcesBuildPhase;
			buildActionMask = 2147483647;
			files = (
				DC741FDD281777D3009678E7 /* ProjectThreeUITests.swift in Sources */,
				DC741FDF281777D3009678E7 /* ProjectThreeUITestsLaunchTests.swift in Sources */,
			);
			runOnlyForDeploymentPostprocessing = 0;
		};
/* End PBXSourcesBuildPhase section */

/* Begin PBXTargetDependency section */
		DC741FD0281777D3009678E7 /* PBXTargetDependency */ = {
			isa = PBXTargetDependency;
			target = DC741FB7281777CF009678E7 /* ProjectThree */;
			targetProxy = DC741FCF281777D3009678E7 /* PBXContainerItemProxy */;
		};
		DC741FDA281777D3009678E7 /* PBXTargetDependency */ = {
			isa = PBXTargetDependency;
			target = DC741FB7281777CF009678E7 /* ProjectThree */;
			targetProxy = DC741FD9281777D3009678E7 /* PBXContainerItemProxy */;
		};
/* End PBXTargetDependency section */

/* Begin PBXVariantGroup section */
		DC741FC1281777CF009678E7 /* Main.storyboard */ = {
			isa = PBXVariantGroup;
			children = (
				DC741FC2281777CF009678E7 /* Base */,
			);
			name = Main.storyboard;
			sourceTree = "<group>";
		};
		DC741FC6281777D3009678E7 /* LaunchScreen.storyboard */ = {
			isa = PBXVariantGroup;
			children = (
				DC741FC7281777D3009678E7 /* Base */,
			);
			name = LaunchScreen.storyboard;
			sourceTree = "<group>";
		};
/* End PBXVariantGroup section */

/* Begin XCBuildConfiguration section */
		DC741FE0281777D3009678E7 /* Debug */ = {
			isa = XCBuildConfiguration;
			buildSettings = {
				ALWAYS_SEARCH_USER_PATHS = NO;
				CLANG_ANALYZER_NONNULL = YES;
				CLANG_ANALYZER_NUMBER_OBJECT_CONVERSION = YES_AGGRESSIVE;
				CLANG_CXX_LANGUAGE_STANDARD = "gnu++17";
				CLANG_ENABLE_MODULES = YES;
				CLANG_ENABLE_OBJC_ARC = YES;
				CLANG_ENABLE_OBJC_WEAK = YES;
				CLANG_WARN_BLOCK_CAPTURE_AUTORELEASING = YES;
				CLANG_WARN_BOOL_CONVERSION = YES;
				CLANG_WARN_COMMA = YES;
				CLANG_WARN_CONSTANT_CONVERSION = YES;
				CLANG_WARN_DEPRECATED_OBJC_IMPLEMENTATIONS = YES;
				CLANG_WARN_DIRECT_OBJC_ISA_USAGE = YES_ERROR;
				CLANG_WARN_DOCUMENTATION_COMMENTS = YES;
				CLANG_WARN_EMPTY_BODY = YES;
				CLANG_WARN_ENUM_CONVERSION = YES;
				CLANG_WARN_INFINITE_RECURSION = YES;
				CLANG_WARN_INT_CONVERSION = YES;
				CLANG_WARN_NON_LITERAL_NULL_CONVERSION = YES;
				CLANG_WARN_OBJC_IMPLICIT_RETAIN_SELF = YES;
				CLANG_WARN_OBJC_LITERAL_CONVERSION = YES;
				CLANG_WARN_OBJC_ROOT_CLASS = YES_ERROR;
				CLANG_WARN_QUOTED_INCLUDE_IN_FRAMEWORK_HEADER = YES;
				CLANG_WARN_RANGE_LOOP_ANALYSIS = YES;
				CLANG_WARN_STRICT_PROTOTYPES = YES;
				CLANG_WARN_SUSPICIOUS_MOVE = YES;
				CLANG_WARN_UNGUARDED_AVAILABILITY = YES_AGGRESSIVE;
				CLANG_WARN_UNREACHABLE_CODE = YES;
				CLANG_WARN__DUPLICATE_METHOD_MATCH = YES;
				COPY_PHASE_STRIP = NO;
				DEBUG_INFORMATION_FORMAT = dwarf;
				ENABLE_STRICT_OBJC_MSGSEND = YES;
				ENABLE_TESTABILITY = YES;
				GCC_C_LANGUAGE_STANDARD = gnu11;
				GCC_DYNAMIC_NO_PIC = NO;
				GCC_NO_COMMON_BLOCKS = YES;
				GCC_OPTIMIZATION_LEVEL = 0;
				GCC_PREPROCESSOR_DEFINITIONS = (
					"DEBUG=1",
					"$(inherited)",
				);
				GCC_WARN_64_TO_32_BIT_CONVERSION = YES;
				GCC_WARN_ABOUT_RETURN_TYPE = YES_ERROR;
				GCC_WARN_UNDECLARED_SELECTOR = YES;
				GCC_WARN_UNINITIALIZED_AUTOS = YES_AGGRESSIVE;
				GCC_WARN_UNUSED_FUNCTION = YES;
				GCC_WARN_UNUSED_VARIABLE = YES;
				IPHONEOS_DEPLOYMENT_TARGET = 15.4;
				MTL_ENABLE_DEBUG_INFO = INCLUDE_SOURCE;
				MTL_FAST_MATH = YES;
				ONLY_ACTIVE_ARCH = YES;
				SDKROOT = iphoneos;
				SWIFT_ACTIVE_COMPILATION_CONDITIONS = DEBUG;
				SWIFT_OPTIMIZATION_LEVEL = "-Onone";
			};
			name = Debug;
		};
		DC741FE1281777D3009678E7 /* Release */ = {
			isa = XCBuildConfiguration;
			buildSettings = {
				ALWAYS_SEARCH_USER_PATHS = NO;
				CLANG_ANALYZER_NONNULL = YES;
				CLANG_ANALYZER_NUMBER_OBJECT_CONVERSION = YES_AGGRESSIVE;
				CLANG_CXX_LANGUAGE_STANDARD = "gnu++17";
				CLANG_ENABLE_MODULES = YES;
				CLANG_ENABLE_OBJC_ARC = YES;
				CLANG_ENABLE_OBJC_WEAK = YES;
				CLANG_WARN_BLOCK_CAPTURE_AUTORELEASING = YES;
				CLANG_WARN_BOOL_CONVERSION = YES;
				CLANG_WARN_COMMA = YES;
				CLANG_WARN_CONSTANT_CONVERSION = YES;
				CLANG_WARN_DEPRECATED_OBJC_IMPLEMENTATIONS = YES;
				CLANG_WARN_DIRECT_OBJC_ISA_USAGE = YES_ERROR;
				CLANG_WARN_DOCUMENTATION_COMMENTS = YES;
				CLANG_WARN_EMPTY_BODY = YES;
				CLANG_WARN_ENUM_CONVERSION = YES;
				CLANG_WARN_INFINITE_RECURSION = YES;
				CLANG_WARN_INT_CONVERSION = YES;
				CLANG_WARN_NON_LITERAL_NULL_CONVERSION = YES;
				CLANG_WARN_OBJC_IMPLICIT_RETAIN_SELF = YES;
				CLANG_WARN_OBJC_LITERAL_CONVERSION = YES;
				CLANG_WARN_OBJC_ROOT_CLASS = YES_ERROR;
				CLANG_WARN_QUOTED_INCLUDE_IN_FRAMEWORK_HEADER = YES;
				CLANG_WARN_RANGE_LOOP_ANALYSIS = YES;
				CLANG_WARN_STRICT_PROTOTYPES = YES;
				CLANG_WARN_SUSPICIOUS_MOVE = YES;
				CLANG_WARN_UNGUARDED_AVAILABILITY = YES_AGGRESSIVE;
				CLANG_WARN_UNREACHABLE_CODE = YES;
				CLANG_WARN__DUPLICATE_METHOD_MATCH = YES;
				COPY_PHASE_STRIP = NO;
				DEBUG_INFORMATION_FORMAT = "dwarf-with-dsym";
				ENABLE_NS_ASSERTIONS = NO;
				ENABLE_STRICT_OBJC_MSGSEND = YES;
				GCC_C_LANGUAGE_STANDARD = gnu11;
				GCC_NO_COMMON_BLOCKS = YES;
				GCC_WARN_64_TO_32_BIT_CONVERSION = YES;
				GCC_WARN_ABOUT_RETURN_TYPE = YES_ERROR;
				GCC_WARN_UNDECLARED_SELECTOR = YES;
				GCC_WARN_UNINITIALIZED_AUTOS = YES_AGGRESSIVE;
				GCC_WARN_UNUSED_FUNCTION = YES;
				GCC_WARN_UNUSED_VARIABLE = YES;
				IPHONEOS_DEPLOYMENT_TARGET = 15.4;
				MTL_ENABLE_DEBUG_INFO = NO;
				MTL_FAST_MATH = YES;
				SDKROOT = iphoneos;
				SWIFT_COMPILATION_MODE = wholemodule;
				SWIFT_OPTIMIZATION_LEVEL = "-O";
				VALIDATE_PRODUCT = YES;
			};
			name = Release;
		};
		DC741FE3281777D3009678E7 /* Debug */ = {
			isa = XCBuildConfiguration;
			buildSettings = {
				ASSETCATALOG_COMPILER_APPICON_NAME = AppIcon;
				ASSETCATALOG_COMPILER_GLOBAL_ACCENT_COLOR_NAME = AccentColor;
				CODE_SIGN_STYLE = Automatic;
				CURRENT_PROJECT_VERSION = 1;
				DEVELOPMENT_TEAM = 8VJRV8H9G9;
				GENERATE_INFOPLIST_FILE = YES;
				INFOPLIST_FILE = ProjectThree/Info.plist;
				INFOPLIST_KEY_UIApplicationSupportsIndirectInputEvents = YES;
				INFOPLIST_KEY_UILaunchStoryboardName = LaunchScreen;
				INFOPLIST_KEY_UIMainStoryboardFile = Main;
				INFOPLIST_KEY_UISupportedInterfaceOrientations_iPad = "UIInterfaceOrientationPortrait UIInterfaceOrientationPortraitUpsideDown UIInterfaceOrientationLandscapeLeft UIInterfaceOrientationLandscapeRight";
				INFOPLIST_KEY_UISupportedInterfaceOrientations_iPhone = "UIInterfaceOrientationPortrait UIInterfaceOrientationLandscapeLeft UIInterfaceOrientationLandscapeRight";
				LD_RUNPATH_SEARCH_PATHS = (
					"$(inherited)",
					"@executable_path/Frameworks",
				);
				MARKETING_VERSION = 1.0;
				PRODUCT_BUNDLE_IDENTIFIER = UHWO.ProjectThree;
				PRODUCT_NAME = "$(TARGET_NAME)";
				SWIFT_EMIT_LOC_STRINGS = YES;
				SWIFT_VERSION = 5.0;
				TARGETED_DEVICE_FAMILY = "1,2";
			};
			name = Debug;
		};
		DC741FE4281777D3009678E7 /* Release */ = {
			isa = XCBuildConfiguration;
			buildSettings = {
				ASSETCATALOG_COMPILER_APPICON_NAME = AppIcon;
				ASSETCATALOG_COMPILER_GLOBAL_ACCENT_COLOR_NAME = AccentColor;
				CODE_SIGN_STYLE = Automatic;
				CURRENT_PROJECT_VERSION = 1;
				DEVELOPMENT_TEAM = 8VJRV8H9G9;
				GENERATE_INFOPLIST_FILE = YES;
				INFOPLIST_FILE = ProjectThree/Info.plist;
				INFOPLIST_KEY_UIApplicationSupportsIndirectInputEvents = YES;
				INFOPLIST_KEY_UILaunchStoryboardName = LaunchScreen;
				INFOPLIST_KEY_UIMainStoryboardFile = Main;
				INFOPLIST_KEY_UISupportedInterfaceOrientations_iPad = "UIInterfaceOrientationPortrait UIInterfaceOrientationPortraitUpsideDown UIInterfaceOrientationLandscapeLeft UIInterfaceOrientationLandscapeRight";
				INFOPLIST_KEY_UISupportedInterfaceOrientations_iPhone = "UIInterfaceOrientationPortrait UIInterfaceOrientationLandscapeLeft UIInterfaceOrientationLandscapeRight";
				LD_RUNPATH_SEARCH_PATHS = (
					"$(inherited)",
					"@executable_path/Frameworks",
				);
				MARKETING_VERSION = 1.0;
				PRODUCT_BUNDLE_IDENTIFIER = UHWO.ProjectThree;
				PRODUCT_NAME = "$(TARGET_NAME)";
				SWIFT_EMIT_LOC_STRINGS = YES;
				SWIFT_VERSION = 5.0;
				TARGETED_DEVICE_FAMILY = "1,2";
			};
			name = Release;
		};
		DC741FE6281777D3009678E7 /* Debug */ = {
			isa = XCBuildConfiguration;
			buildSettings = {
				ALWAYS_EMBED_SWIFT_STANDARD_LIBRARIES = YES;
				BUNDLE_LOADER = "$(TEST_HOST)";
				CODE_SIGN_STYLE = Automatic;
				CURRENT_PROJECT_VERSION = 1;
				DEVELOPMENT_TEAM = 8VJRV8H9G9;
				GENERATE_INFOPLIST_FILE = YES;
				IPHONEOS_DEPLOYMENT_TARGET = 15.4;
				MARKETING_VERSION = 1.0;
				PRODUCT_BUNDLE_IDENTIFIER = UHWO.ProjectThreeTests;
				PRODUCT_NAME = "$(TARGET_NAME)";
				SWIFT_EMIT_LOC_STRINGS = NO;
				SWIFT_VERSION = 5.0;
				TARGETED_DEVICE_FAMILY = "1,2";
				TEST_HOST = "$(BUILT_PRODUCTS_DIR)/ProjectThree.app/ProjectThree";
			};
			name = Debug;
		};
		DC741FE7281777D3009678E7 /* Release */ = {
			isa = XCBuildConfiguration;
			buildSettings = {
				ALWAYS_EMBED_SWIFT_STANDARD_LIBRARIES = YES;
				BUNDLE_LOADER = "$(TEST_HOST)";
				CODE_SIGN_STYLE = Automatic;
				CURRENT_PROJECT_VERSION = 1;
				DEVELOPMENT_TEAM = 8VJRV8H9G9;
				GENERATE_INFOPLIST_FILE = YES;
				IPHONEOS_DEPLOYMENT_TARGET = 15.4;
				MARKETING_VERSION = 1.0;
				PRODUCT_BUNDLE_IDENTIFIER = UHWO.ProjectThreeTests;
				PRODUCT_NAME = "$(TARGET_NAME)";
				SWIFT_EMIT_LOC_STRINGS = NO;
				SWIFT_VERSION = 5.0;
				TARGETED_DEVICE_FAMILY = "1,2";
				TEST_HOST = "$(BUILT_PRODUCTS_DIR)/ProjectThree.app/ProjectThree";
			};
			name = Release;
		};
		DC741FE9281777D3009678E7 /* Debug */ = {
			isa = XCBuildConfiguration;
			buildSettings = {
				ALWAYS_EMBED_SWIFT_STANDARD_LIBRARIES = YES;
				CODE_SIGN_STYLE = Automatic;
				CURRENT_PROJECT_VERSION = 1;
				DEVELOPMENT_TEAM = 8VJRV8H9G9;
				GENERATE_INFOPLIST_FILE = YES;
				MARKETING_VERSION = 1.0;
				PRODUCT_BUNDLE_IDENTIFIER = UHWO.ProjectThreeUITests;
				PRODUCT_NAME = "$(TARGET_NAME)";
				SWIFT_EMIT_LOC_STRINGS = NO;
				SWIFT_VERSION = 5.0;
				TARGETED_DEVICE_FAMILY = "1,2";
				TEST_TARGET_NAME = ProjectThree;
			};
			name = Debug;
		};
		DC741FEA281777D3009678E7 /* Release */ = {
			isa = XCBuildConfiguration;
			buildSettings = {
				ALWAYS_EMBED_SWIFT_STANDARD_LIBRARIES = YES;
				CODE_SIGN_STYLE = Automatic;
				CURRENT_PROJECT_VERSION = 1;
				DEVELOPMENT_TEAM = 8VJRV8H9G9;
				GENERATE_INFOPLIST_FILE = YES;
				MARKETING_VERSION = 1.0;
				PRODUCT_BUNDLE_IDENTIFIER = UHWO.ProjectThreeUITests;
				PRODUCT_NAME = "$(TARGET_NAME)";
				SWIFT_EMIT_LOC_STRINGS = NO;
				SWIFT_VERSION = 5.0;
				TARGETED_DEVICE_FAMILY = "1,2";
				TEST_TARGET_NAME = ProjectThree;
			};
			name = Release;
		};
/* End XCBuildConfiguration section */

/* Begin XCConfigurationList section */
		DC741FB3281777CF009678E7 /* Build configuration list for PBXProject "ProjectThree" */ = {
			isa = XCConfigurationList;
			buildConfigurations = (
				DC741FE0281777D3009678E7 /* Debug */,
				DC741FE1281777D3009678E7 /* Release */,
			);
			defaultConfigurationIsVisible = 0;
			defaultConfigurationName = Release;
		};
		DC741FE2281777D3009678E7 /* Build configuration list for PBXNativeTarget "ProjectThree" */ = {
			isa = XCConfigurationList;
			buildConfigurations = (
				DC741FE3281777D3009678E7 /* Debug */,
				DC741FE4281777D3009678E7 /* Release */,
			);
			defaultConfigurationIsVisible = 0;
			defaultConfigurationName = Release;
		};
		DC741FE5281777D3009678E7 /* Build configuration list for PBXNativeTarget "ProjectThreeTests" */ = {
			isa = XCConfigurationList;
			buildConfigurations = (
				DC741FE6281777D3009678E7 /* Debug */,
				DC741FE7281777D3009678E7 /* Release */,
			);
			defaultConfigurationIsVisible = 0;
			defaultConfigurationName = Release;
		};
		DC741FE8281777D3009678E7 /* Build configuration list for PBXNativeTarget "ProjectThreeUITests" */ = {
			isa = XCConfigurationList;
			buildConfigurations = (
				DC741FE9281777D3009678E7 /* Debug */,
				DC741FEA281777D3009678E7 /* Release */,
			);
			defaultConfigurationIsVisible = 0;
			defaultConfigurationName = Release;
		};
/* End XCConfigurationList section */
	};
	rootObject = DC741FB0281777CF009678E7 /* Project object */;
}
